
Microsoft Visual Studio Solution File, Format Version 12.00
# Visual Studio 14
VisualStudioVersion = 14.0.25420.1
MinimumVisualStudioVersion = 10.0.40219.1
Project("{FAE04EC0-301F-11D3-BF4B-00C04F79EFBC}") = "WindowsFormsApplication1", "WindowsFormsApplication1\WindowsFormsApplication1.csproj", "{78E3B37F-6142-4370-8370-27DE86A27225}"
EndProject
Project("{FAE04EC0-301F-11D3-BF4B-00C04F79EFBC}") = "ClassLibrary", "ClassLibrary\ClassLibrary.csproj", "{905E616B-AED2-4EAD-9C21-C2D27907E2C1}"
EndProject
Global
	GlobalSection(SolutionConfigurationPlatforms) = preSolution
		Debug|Any CPU = Debug|Any CPU
		Release|Any CPU = Release|Any CPU
	EndGlobalSection
	GlobalSection(ProjectConfigurationPlatforms) = postSolution
		{78E3B37F-6142-4370-8370-27DE86A27225}.Debug|Any CPU.ActiveCfg = Debug|Any CPU
		{78E3B37F-6142-4370-8370-27DE86A27225}.Debug|Any CPU.Build.0 = Debug|Any CPU
		{78E3B37F-6142-4370-8370-27DE86A27225}.Release|Any CPU.ActiveCfg = Release|Any CPU
		{78E3B37F-6142-4370-8370-27DE86A27225}.Release|Any CPU.Build.0 = Release|Any CPU
		{905E616B-AED2-4EAD-9C21-C2D27907E2C1}.Debug|Any CPU.ActiveCfg = Debug|Any CPU
		{905E616B-AED2-4EAD-9C21-C2D27907E2C1}.Debug|Any CPU.Build.0 = Debug|Any CPU
		{905E616B-AED2-4EAD-9C21-C2D27907E2C1}.Release|Any CPU.ActiveCfg = Release|Any CPU
		{905E616B-AED2-4EAD-9C21-C2D27907E2C1}.Release|Any CPU.Build.0 = Release|Any CPU
	EndGlobalSection
	GlobalSection(SolutionProperties) = preSolution
		HideSolutionNode = FALSE
	EndGlobalSection
EndGlobal
