
Microsoft Visual Studio Solution File, Format Version 12.00
# Visual Studio 15
VisualStudioVersion = 15.0.27428.2015
MinimumVisualStudioVersion = 10.0.40219.1
Project("{FAE04EC0-301F-11D3-BF4B-00C04F79EFBC}") = "WindowsFormsApp1", "WindowsFormsApp1\WindowsFormsApp1.csproj", "{EFF028D7-3CD4-4DAC-B20C-FD594E9A0542}"
EndProject
Project("{FAE04EC0-301F-11D3-BF4B-00C04F79EFBC}") = "CompositeClassLibrary", "ClassLibrary1\CompositeClassLibrary.csproj", "{A51CD0C5-40BF-4E45-BC98-70C34F0D9148}"
EndProject
Project("{FAE04EC0-301F-11D3-BF4B-00C04F79EFBC}") = "Model", "ClassLibrary\Model.csproj", "{905E616B-AED2-4EAD-9C21-C2D27907E2C1}"
EndProject
Global
	GlobalSection(SolutionConfigurationPlatforms) = preSolution
		Debug|Any CPU = Debug|Any CPU
		Release|Any CPU = Release|Any CPU
	EndGlobalSection
	GlobalSection(ProjectConfigurationPlatforms) = postSolution
		{EFF028D7-3CD4-4DAC-B20C-FD594E9A0542}.Debug|Any CPU.ActiveCfg = Debug|Any CPU
		{EFF028D7-3CD4-4DAC-B20C-FD594E9A0542}.Debug|Any CPU.Build.0 = Debug|Any CPU
		{EFF028D7-3CD4-4DAC-B20C-FD594E9A0542}.Release|Any CPU.ActiveCfg = Release|Any CPU
		{EFF028D7-3CD4-4DAC-B20C-FD594E9A0542}.Release|Any CPU.Build.0 = Release|Any CPU
		{A51CD0C5-40BF-4E45-BC98-70C34F0D9148}.Debug|Any CPU.ActiveCfg = Debug|Any CPU
		{A51CD0C5-40BF-4E45-BC98-70C34F0D9148}.Debug|Any CPU.Build.0 = Debug|Any CPU
		{A51CD0C5-40BF-4E45-BC98-70C34F0D9148}.Release|Any CPU.ActiveCfg = Release|Any CPU
		{A51CD0C5-40BF-4E45-BC98-70C34F0D9148}.Release|Any CPU.Build.0 = Release|Any CPU
		{905E616B-AED2-4EAD-9C21-C2D27907E2C1}.Debug|Any CPU.ActiveCfg = Debug|Any CPU
		{905E616B-AED2-4EAD-9C21-C2D27907E2C1}.Debug|Any CPU.Build.0 = Debug|Any CPU
		{905E616B-AED2-4EAD-9C21-C2D27907E2C1}.Release|Any CPU.ActiveCfg = Release|Any CPU
		{905E616B-AED2-4EAD-9C21-C2D27907E2C1}.Release|Any CPU.Build.0 = Release|Any CPU
	EndGlobalSection
	GlobalSection(SolutionProperties) = preSolution
		HideSolutionNode = FALSE
	EndGlobalSection
	GlobalSection(ExtensibilityGlobals) = postSolution
		SolutionGuid = {FEDF87CE-CDCC-414D-9607-1645B91AF9F1}
	EndGlobalSection
EndGlobal
